{
  "lockfileVersion": 1,
  "configVersion": 1,
  "workspaces": {
    "": {
      "name": "@atlcli/import-pdf-feasibility-probe",
      "dependencies": {
        "@embedpdf/pdfium": "2.15.0",
        "pdfjs-dist": "6.2.108",
      },
      "devDependencies": {
        "playwright": "1.55.1",
      },
    },
  },
  "packages": {
    "@embedpdf/pdfium": ["@embedpdf/pdfium@2.15.0", "", {}, "sha512-KgpRND2MYcdbhzb2EMb4WzWcJYrR0A6JXvhMv4WthEHKt6qmNo2v/MC68bpYvpveYT9GNnUnY/+TG5MpXY3pRw=="],

    "@napi-rs/canvas": ["@napi-rs/canvas@1.0.7", "", { "optionalDependencies": { "@napi-rs/canvas-android-arm64": "1.0.7", "@napi-rs/canvas-darwin-arm64": "1.0.7", "@napi-rs/canvas-darwin-x64": "1.0.7", "@napi-rs/canvas-linux-arm-gnueabihf": "1.0.7", "@napi-rs/canvas-linux-arm64-gnu": "1.0.7", "@napi-rs/canvas-linux-arm64-musl": "1.0.7", "@napi-rs/canvas-linux-riscv64-gnu": "1.0.7", "@napi-rs/canvas-linux-x64-gnu": "1.0.7", "@napi-rs/canvas-linux-x64-musl": "1.0.7", "@napi-rs/canvas-win32-arm64-msvc": "1.0.7", "@napi-rs/canvas-win32-x64-msvc": "1.0.7" } }, "sha512-26wVFEgs6gbe7wmzCrud1pK8q6oOgcUu7OOF24BuazB8ZUCskU9ZSLrCjoWIFVxx09rjAxsXxPleaWowHvdPCA=="],

    "@napi-rs/canvas-android-arm64": ["@napi-rs/canvas-android-arm64@1.0.7", "", { "os": "android", "cpu": "arm64" }, "sha512-d5p4hHTykc/9PjiBXkvCH/IC5hT5jH7BjQ1u8ITq+G8x4VmvveOHdy/4BWYcC3ebWRmrG9zEc/oCTy+Yf3iZ4A=="],

    "@napi-rs/canvas-darwin-arm64": ["@napi-rs/canvas-darwin-arm64@1.0.7", "", { "os": "darwin", "cpu": "arm64" }, "sha512-jKfZl2QDqBr6/Ap/8NKkX0Po9SFfVjUPBJbQQmYGVtQQIazWWIAO60riH3Mz2sOyysa2oJO39sLEfXerypu0vg=="],

    "@napi-rs/canvas-darwin-x64": ["@napi-rs/canvas-darwin-x64@1.0.7", "", { "os": "darwin", "cpu": "x64" }, "sha512-v1asrnKBu0tD+sdSD2qVIUfhoXSrr8LFTn7z76pN+8xsiOrmFcAVty57R/5DB8ZNqNLKsUBDXFSrzf4Wt9NaSg=="],

    "@napi-rs/canvas-linux-arm-gnueabihf": ["@napi-rs/canvas-linux-arm-gnueabihf@1.0.7", "", { "os": "linux", "cpu": "arm" }, "sha512-c4Hcu4L5bXCgLY8jrZ2hy/Avl65MsbfH9DqNWrrd9InbpBZZF/rmrh7XkgmTUmOFcUrt/PaFSBinW2C0moDgcA=="],

    "@napi-rs/canvas-linux-arm64-gnu": ["@napi-rs/canvas-linux-arm64-gnu@1.0.7", "", { "os": "linux", "cpu": "arm64" }, "sha512-OVW6T1x65BTVfWb//xylCoWxbdII+nzHu3L5T035aerBAnZ5e0nmeTMkMEO9qQrVJq4WcWW8hp+T0dF+JvJPUQ=="],

    "@napi-rs/canvas-linux-arm64-musl": ["@napi-rs/canvas-linux-arm64-musl@1.0.7", "", { "os": "linux", "cpu": "arm64" }, "sha512-KX/k1UO61XdKlXxhtIkq1ZUH8uP+NNK4vSrBcM2/4wWUUCZaG93BU5s0KuE9n+TFn0jEoqLSlXOuH1pYuV5dcQ=="],

    "@napi-rs/canvas-linux-riscv64-gnu": ["@napi-rs/canvas-linux-riscv64-gnu@1.0.7", "", { "os": "linux", "cpu": "none" }, "sha512-r+0Bg+fK8r2AsrbeT7JwBUAERZSjlyhfAMQfZE/zxYGmbswS92hN0FPjynVWbeuz5fIrLfZ6JA5pH8V6drN6qw=="],

    "@napi-rs/canvas-linux-x64-gnu": ["@napi-rs/canvas-linux-x64-gnu@1.0.7", "", { "os": "linux", "cpu": "x64" }, "sha512-0tT9KzEcTfb6MWdUWIDfy6uq6UNF691r/9NfXxxl8s9+G5QrD7VP1UC+PAwzsCzJTClIKyidNau/grYTL+QmHw=="],

    "@napi-rs/canvas-linux-x64-musl": ["@napi-rs/canvas-linux-x64-musl@1.0.7", "", { "os": "linux", "cpu": "x64" }, "sha512-rvT0xo1xA+C7e+U/2ngsxWsl9gC5knHU+z8KTT5VK0Zos4AQbWZvtjvegrmzxm4o2yHE32Lexj6CDEJNvuTczA=="],

    "@napi-rs/canvas-win32-arm64-msvc": ["@napi-rs/canvas-win32-arm64-msvc@1.0.7", "", { "os": "win32", "cpu": "arm64" }, "sha512-N6s3yoFFPUDkfRpjUiKERVYkli7ex5Sf0Bu/My6D6gOGYxYolC1KvL6x8U0aN+ScCWAzbkIWcMYR9g0OGsFuVw=="],

    "@napi-rs/canvas-win32-x64-msvc": ["@napi-rs/canvas-win32-x64-msvc@1.0.7", "", { "os": "win32", "cpu": "x64" }, "sha512-SKTNdBV/ljfhkPsLhXjm4x2PQ0ILpc0PhkBzRHuroJXidZUaF5yh0j3s3dIzB8PrRmW+nEASzyMTaWT3nH1ywQ=="],

    "fsevents": ["fsevents@2.3.2", "", { "os": "darwin" }, "sha512-xiqMQR4xAeHTuB9uWm+fFRcIOgKBMiOBP+eXiyT7jsgVCq1bkVygt00oASowB7EdtpOHaaPgKt812P9ab+DDKA=="],

    "pdfjs-dist": ["pdfjs-dist@6.2.108", "", { "optionalDependencies": { "@napi-rs/canvas": "^1.0.0" } }, "sha512-YxFb+SQcodN2rnX9Tn3dHYlqfb7NjlzzfONPpJd+AKoKtUjEdevTfbC07d5TcczzOK6261auRkP/M8OBHs9vFQ=="],

    "playwright": ["playwright@1.55.1", "", { "dependencies": { "playwright-core": "1.55.1" }, "optionalDependencies": { "fsevents": "2.3.2" }, "bin": { "playwright": "cli.js" } }, "sha512-cJW4Xd/G3v5ovXtJJ52MAOclqeac9S/aGGgRzLabuF8TnIb6xHvMzKIa6JmrRzUkeXJgfL1MhukP0NK6l39h3A=="],

    "playwright-core": ["playwright-core@1.55.1", "", { "bin": { "playwright-core": "cli.js" } }, "sha512-Z6Mh9mkwX+zxSlHqdr5AOcJnfp+xUWLCt9uKV18fhzA8eyxUd8NUWzAjxUh55RZKSYwDGX0cfaySdhZJGMoJ+w=="],
  }
}
